
Microsoft Visual Studio Solution File, Format Version 12.00
# Visual Studio 2013
VisualStudioVersion = 12.0.21005.1
MinimumVisualStudioVersion = 10.0.40219.1
Project("{FAE04EC0-301F-11D3-BF4B-00C04F79EFBC}") = "Nasledovanie_Polimorfizm_lab1", "Nasledovanie_Polimorfizm_lab1\Nasledovanie_Polimorfizm_lab1.csproj", "{75ED5AE4-5EA3-465E-9338-C81FC6A1786C}"
EndProject
Global
	GlobalSection(SolutionConfigurationPlatforms) = preSolution
		Debug|Any CPU = Debug|Any CPU
		Release|Any CPU = Release|Any CPU
	EndGlobalSection
	GlobalSection(ProjectConfigurationPlatforms) = postSolution
		{75ED5AE4-5EA3-465E-9338-C81FC6A1786C}.Debug|Any CPU.ActiveCfg = Debug|Any CPU
		{75ED5AE4-5EA3-465E-9338-C81FC6A1786C}.Debug|Any CPU.Build.0 = Debug|Any CPU
		{75ED5AE4-5EA3-465E-9338-C81FC6A1786C}.Release|Any CPU.ActiveCfg = Release|Any CPU
		{75ED5AE4-5EA3-465E-9338-C81FC6A1786C}.Release|Any CPU.Build.0 = Release|Any CPU
	EndGlobalSection
	GlobalSection(SolutionProperties) = preSolution
		HideSolutionNode = FALSE
	EndGlobalSection
EndGlobal
